
Microsoft Visual Studio Solution File, Format Version 10.00
# Visual Studio 2008
Project("{2150E333-8FDC-42A3-9474-1A3956D46DE8}") = "Solution Items", "Solution Items", "{7FA98856-DF80-43FB-92F3-7D47C3FD150F}"
	ProjectSection(SolutionItems) = preProject
		LocalTestRun.testrunconfig = LocalTestRun.testrunconfig
		PlanningPrep.vsmdi = PlanningPrep.vsmdi
	EndProjectSection
EndProject
Project("{FAE04EC0-301F-11D3-BF4B-00C04F79EFBC}") = "T4CodeGenerator", "CodeGeneration\T4CodeGenerator.csproj", "{22482AAC-9C92-4DDF-97CF-43E81FBC4502}"
EndProject
Project("{2150E333-8FDC-42A3-9474-1A3956D46DE8}") = "Tools", "Tools", "{A384B314-6283-4C7C-9362-352BBFD1A890}"
EndProject
Project("{FAE04EC0-301F-11D3-BF4B-00C04F79EFBC}") = "App.Data", "App.Data\App.Data.csproj", "{464D54C9-F47E-4333-A31D-B3007506EB9A}"
EndProject
Project("{FAE04EC0-301F-11D3-BF4B-00C04F79EFBC}") = "App.Models", "App.Models\App.Models.csproj", "{CF7856BE-AAC2-46EB-AEB3-3146445CD826}"
EndProject
Project("{FAE04EC0-301F-11D3-BF4B-00C04F79EFBC}") = "App.Domain", "App.Domain\App.Domain.csproj", "{CC96F1B7-3437-46BB-9F33-FA2F8AE95EBC}"
EndProject
Project("{FAE04EC0-301F-11D3-BF4B-00C04F79EFBC}") = "App.Core", "App.Core\App.Core.csproj", "{1A324B39-2762-4C7F-975E-A3202AAAE3DF}"
EndProject
Project("{E24C65DC-7377-472B-9ABA-BC803B73C61A}") = "planningprep.local.com", "http://planningprep.local.com", "{4D6381D3-EEA5-45E0-93AF-18BB934129BF}"
	ProjectSection(WebsiteProperties) = preProject
		TargetFramework = "3.5"
		ProjectReferences = "{1A324B39-2762-4C7F-975E-A3202AAAE3DF}|App.Core.dll;{464D54C9-F47E-4333-A31D-B3007506EB9A}|App.Data.dll;{CC96F1B7-3437-46BB-9F33-FA2F8AE95EBC}|App.Domain.dll;{CF7856BE-AAC2-46EB-AEB3-3146445CD826}|App.Models.dll;"
		Debug.AspNetCompiler.VirtualPath = "/planningprep.local.com"
		Debug.AspNetCompiler.PhysicalPath = "Web\"
		Debug.AspNetCompiler.TargetPath = "PrecompiledWeb\planningprep.local.com\"
		Debug.AspNetCompiler.Updateable = "true"
		Debug.AspNetCompiler.ForceOverwrite = "true"
		Debug.AspNetCompiler.FixedNames = "false"
		Debug.AspNetCompiler.Debug = "True"
		Release.AspNetCompiler.VirtualPath = "/planningprep.local.com"
		Release.AspNetCompiler.PhysicalPath = "Web\"
		Release.AspNetCompiler.TargetPath = "PrecompiledWeb\planningprep.local.com\"
		Release.AspNetCompiler.Updateable = "true"
		Release.AspNetCompiler.ForceOverwrite = "true"
		Release.AspNetCompiler.FixedNames = "false"
		Release.AspNetCompiler.Debug = "False"
		SlnRelativePath = "Web\"
	EndProjectSection
EndProject
Global
	GlobalSection(SolutionConfigurationPlatforms) = preSolution
		Debug|.NET = Debug|.NET
		Debug|Any CPU = Debug|Any CPU
		Debug|Mixed Platforms = Debug|Mixed Platforms
		Release|.NET = Release|.NET
		Release|Any CPU = Release|Any CPU
		Release|Mixed Platforms = Release|Mixed Platforms
	EndGlobalSection
	GlobalSection(ProjectConfigurationPlatforms) = postSolution
		{22482AAC-9C92-4DDF-97CF-43E81FBC4502}.Debug|.NET.ActiveCfg = Debug|Any CPU
		{22482AAC-9C92-4DDF-97CF-43E81FBC4502}.Debug|Any CPU.ActiveCfg = Debug|Any CPU
		{22482AAC-9C92-4DDF-97CF-43E81FBC4502}.Debug|Mixed Platforms.ActiveCfg = Debug|Any CPU
		{22482AAC-9C92-4DDF-97CF-43E81FBC4502}.Release|.NET.ActiveCfg = Release|Any CPU
		{22482AAC-9C92-4DDF-97CF-43E81FBC4502}.Release|Any CPU.ActiveCfg = Release|Any CPU
		{22482AAC-9C92-4DDF-97CF-43E81FBC4502}.Release|Mixed Platforms.ActiveCfg = Release|Any CPU
		{464D54C9-F47E-4333-A31D-B3007506EB9A}.Debug|.NET.ActiveCfg = Debug|Any CPU
		{464D54C9-F47E-4333-A31D-B3007506EB9A}.Debug|Any CPU.ActiveCfg = Debug|Any CPU
		{464D54C9-F47E-4333-A31D-B3007506EB9A}.Debug|Any CPU.Build.0 = Debug|Any CPU
		{464D54C9-F47E-4333-A31D-B3007506EB9A}.Debug|Mixed Platforms.ActiveCfg = Debug|Any CPU
		{464D54C9-F47E-4333-A31D-B3007506EB9A}.Debug|Mixed Platforms.Build.0 = Debug|Any CPU
		{464D54C9-F47E-4333-A31D-B3007506EB9A}.Release|.NET.ActiveCfg = Release|Any CPU
		{464D54C9-F47E-4333-A31D-B3007506EB9A}.Release|Any CPU.ActiveCfg = Release|Any CPU
		{464D54C9-F47E-4333-A31D-B3007506EB9A}.Release|Any CPU.Build.0 = Release|Any CPU
		{464D54C9-F47E-4333-A31D-B3007506EB9A}.Release|Mixed Platforms.ActiveCfg = Release|Any CPU
		{464D54C9-F47E-4333-A31D-B3007506EB9A}.Release|Mixed Platforms.Build.0 = Release|Any CPU
		{CF7856BE-AAC2-46EB-AEB3-3146445CD826}.Debug|.NET.ActiveCfg = Debug|Any CPU
		{CF7856BE-AAC2-46EB-AEB3-3146445CD826}.Debug|Any CPU.ActiveCfg = Debug|Any CPU
		{CF7856BE-AAC2-46EB-AEB3-3146445CD826}.Debug|Any CPU.Build.0 = Debug|Any CPU
		{CF7856BE-AAC2-46EB-AEB3-3146445CD826}.Debug|Mixed Platforms.ActiveCfg = Debug|Any CPU
		{CF7856BE-AAC2-46EB-AEB3-3146445CD826}.Debug|Mixed Platforms.Build.0 = Debug|Any CPU
		{CF7856BE-AAC2-46EB-AEB3-3146445CD826}.Release|.NET.ActiveCfg = Release|Any CPU
		{CF7856BE-AAC2-46EB-AEB3-3146445CD826}.Release|Any CPU.ActiveCfg = Release|Any CPU
		{CF7856BE-AAC2-46EB-AEB3-3146445CD826}.Release|Any CPU.Build.0 = Release|Any CPU
		{CF7856BE-AAC2-46EB-AEB3-3146445CD826}.Release|Mixed Platforms.ActiveCfg = Release|Any CPU
		{CF7856BE-AAC2-46EB-AEB3-3146445CD826}.Release|Mixed Platforms.Build.0 = Release|Any CPU
		{CC96F1B7-3437-46BB-9F33-FA2F8AE95EBC}.Debug|.NET.ActiveCfg = Debug|Any CPU
		{CC96F1B7-3437-46BB-9F33-FA2F8AE95EBC}.Debug|Any CPU.ActiveCfg = Debug|Any CPU
		{CC96F1B7-3437-46BB-9F33-FA2F8AE95EBC}.Debug|Any CPU.Build.0 = Debug|Any CPU
		{CC96F1B7-3437-46BB-9F33-FA2F8AE95EBC}.Debug|Mixed Platforms.ActiveCfg = Debug|Any CPU
		{CC96F1B7-3437-46BB-9F33-FA2F8AE95EBC}.Debug|Mixed Platforms.Build.0 = Debug|Any CPU
		{CC96F1B7-3437-46BB-9F33-FA2F8AE95EBC}.Release|.NET.ActiveCfg = Release|Any CPU
		{CC96F1B7-3437-46BB-9F33-FA2F8AE95EBC}.Release|Any CPU.ActiveCfg = Release|Any CPU
		{CC96F1B7-3437-46BB-9F33-FA2F8AE95EBC}.Release|Any CPU.Build.0 = Release|Any CPU
		{CC96F1B7-3437-46BB-9F33-FA2F8AE95EBC}.Release|Mixed Platforms.ActiveCfg = Release|Any CPU
		{CC96F1B7-3437-46BB-9F33-FA2F8AE95EBC}.Release|Mixed Platforms.Build.0 = Release|Any CPU
		{1A324B39-2762-4C7F-975E-A3202AAAE3DF}.Debug|.NET.ActiveCfg = Debug|Any CPU
		{1A324B39-2762-4C7F-975E-A3202AAAE3DF}.Debug|Any CPU.ActiveCfg = Debug|Any CPU
		{1A324B39-2762-4C7F-975E-A3202AAAE3DF}.Debug|Any CPU.Build.0 = Debug|Any CPU
		{1A324B39-2762-4C7F-975E-A3202AAAE3DF}.Debug|Mixed Platforms.ActiveCfg = Debug|Any CPU
		{1A324B39-2762-4C7F-975E-A3202AAAE3DF}.Debug|Mixed Platforms.Build.0 = Debug|Any CPU
		{1A324B39-2762-4C7F-975E-A3202AAAE3DF}.Release|.NET.ActiveCfg = Release|Any CPU
		{1A324B39-2762-4C7F-975E-A3202AAAE3DF}.Release|Any CPU.ActiveCfg = Release|Any CPU
		{1A324B39-2762-4C7F-975E-A3202AAAE3DF}.Release|Any CPU.Build.0 = Release|Any CPU
		{1A324B39-2762-4C7F-975E-A3202AAAE3DF}.Release|Mixed Platforms.ActiveCfg = Release|Any CPU
		{1A324B39-2762-4C7F-975E-A3202AAAE3DF}.Release|Mixed Platforms.Build.0 = Release|Any CPU
		{4D6381D3-EEA5-45E0-93AF-18BB934129BF}.Debug|.NET.ActiveCfg = Debug|Any CPU
		{4D6381D3-EEA5-45E0-93AF-18BB934129BF}.Debug|Any CPU.ActiveCfg = Debug|Any CPU
		{4D6381D3-EEA5-45E0-93AF-18BB934129BF}.Debug|Any CPU.Build.0 = Debug|Any CPU
		{4D6381D3-EEA5-45E0-93AF-18BB934129BF}.Debug|Mixed Platforms.ActiveCfg = Debug|Any CPU
		{4D6381D3-EEA5-45E0-93AF-18BB934129BF}.Debug|Mixed Platforms.Build.0 = Debug|Any CPU
		{4D6381D3-EEA5-45E0-93AF-18BB934129BF}.Release|.NET.ActiveCfg = Debug|Any CPU
		{4D6381D3-EEA5-45E0-93AF-18BB934129BF}.Release|Any CPU.ActiveCfg = Debug|Any CPU
		{4D6381D3-EEA5-45E0-93AF-18BB934129BF}.Release|Any CPU.Build.0 = Debug|Any CPU
		{4D6381D3-EEA5-45E0-93AF-18BB934129BF}.Release|Mixed Platforms.ActiveCfg = Debug|Any CPU
		{4D6381D3-EEA5-45E0-93AF-18BB934129BF}.Release|Mixed Platforms.Build.0 = Debug|Any CPU
	EndGlobalSection
	GlobalSection(SolutionProperties) = preSolution
		HideSolutionNode = FALSE
	EndGlobalSection
	GlobalSection(NestedProjects) = preSolution
		{22482AAC-9C92-4DDF-97CF-43E81FBC4502} = {A384B314-6283-4C7C-9362-352BBFD1A890}
	EndGlobalSection
EndGlobal
